// !$*UTF8*$!
{
	archiveVersion = 1;
	classes = {
	};
	objectVersion = 48;
	objects = {

/* Begin PBXBuildFile section */
		EA7073111FAC34FC00EF0DC9 /* AppDelegate.swift in Sources */ = {isa = PBXBuildFile; fileRef = EA7073101FAC34FC00EF0DC9 /* AppDelegate.swift */; };
		EA7073131FAC34FC00EF0DC9 /* ViewController.swift in Sources */ = {isa = PBXBuildFile; fileRef = EA7073121FAC34FC00EF0DC9 /* ViewController.swift */; };
		EA7073151FAC34FC00EF0DC9 /* Assets.xcassets in Resources */ = {isa = PBXBuildFile; fileRef = EA7073141FAC34FC00EF0DC9 /* Assets.xcassets */; };
		EA7073181FAC34FC00EF0DC9 /* Main.storyboard in Resources */ = {isa = PBXBuildFile; fileRef = EA7073161FAC34FC00EF0DC9 /* Main.storyboard */; };
		EA7073231FAC35D600EF0DC9 /* ChromaKeyFilter.m in Sources */ = {isa = PBXBuildFile; fileRef = EA7073221FAC35D600EF0DC9 /* ChromaKeyFilter.m */; };
/* End PBXBuildFile section */

/* Begin PBXFileReference section */
		EA70730D1FAC34FC00EF0DC9 /* PhotoStudioPlayer.app */ = {isa = PBXFileReference; explicitFileType = wrapper.application; includeInIndex = 0; path = PhotoStudioPlayer.app; sourceTree = BUILT_PRODUCTS_DIR; };
		EA7073101FAC34FC00EF0DC9 /* AppDelegate.swift */ = {isa = PBXFileReference; lastKnownFileType = sourcecode.swift; path = AppDelegate.swift; sourceTree = "<group>"; };
		EA7073121FAC34FC00EF0DC9 /* ViewController.swift */ = {isa = PBXFileReference; lastKnownFileType = sourcecode.swift; path = ViewController.swift; sourceTree = "<group>"; };
		EA7073141FAC34FC00EF0DC9 /* Assets.xcassets */ = {isa = PBXFileReference; lastKnownFileType = folder.assetcatalog; path = Assets.xcassets; sourceTree = "<group>"; };
		EA7073171FAC34FC00EF0DC9 /* Base */ = {isa = PBXFileReference; lastKnownFileType = file.storyboard; name = Base; path = Base.lproj/Main.storyboard; sourceTree = "<group>"; };
		EA7073191FAC34FC00EF0DC9 /* Info.plist */ = {isa = PBXFileReference; lastKnownFileType = text.plist.xml; path = Info.plist; sourceTree = "<group>"; };
		EA70731A1FAC34FC00EF0DC9 /* PhotoStudioPlayer.entitlements */ = {isa = PBXFileReference; lastKnownFileType = text.plist.entitlements; path = PhotoStudioPlayer.entitlements; sourceTree = "<group>"; };
		EA7073201FAC35D600EF0DC9 /* PhotoStudioPlayer-Bridging-Header.h */ = {isa = PBXFileReference; lastKnownFileType = sourcecode.c.h; path = "PhotoStudioPlayer-Bridging-Header.h"; sourceTree = "<group>"; };
		EA7073211FAC35D600EF0DC9 /* ChromaKeyFilter.h */ = {isa = PBXFileReference; lastKnownFileType = sourcecode.c.h; path = ChromaKeyFilter.h; sourceTree = "<group>"; };
		EA7073221FAC35D600EF0DC9 /* ChromaKeyFilter.m */ = {isa = PBXFileReference; lastKnownFileType = sourcecode.c.objc; path = ChromaKeyFilter.m; sourceTree = "<group>"; };
/* End PBXFileReference section */

/* Begin PBXFrameworksBuildPhase section */
		EA70730A1FAC34FC00EF0DC9 /* Frameworks */ = {
			isa = PBXFrameworksBuildPhase;
			buildActionMask = 2147483647;
			files = (
			);
			runOnlyForDeploymentPostprocessing = 0;
		};
/* End PBXFrameworksBuildPhase section */

/* Begin PBXGroup section */
		EA7073041FAC34FC00EF0DC9 = {
			isa = PBXGroup;
			children = (
				EA7073201FAC35D600EF0DC9 /* PhotoStudioPlayer-Bridging-Header.h */,
				EA70730F1FAC34FC00EF0DC9 /* PhotoStudioPlayer */,
				EA70730E1FAC34FC00EF0DC9 /* Products */,
			);
			sourceTree = "<group>";
		};
		EA70730E1FAC34FC00EF0DC9 /* Products */ = {
			isa = PBXGroup;
			children = (
				EA70730D1FAC34FC00EF0DC9 /* PhotoStudioPlayer.app */,
			);
			name = Products;
			sourceTree = "<group>";
		};
		EA70730F1FAC34FC00EF0DC9 /* PhotoStudioPlayer */ = {
			isa = PBXGroup;
			children = (
				EA7073101FAC34FC00EF0DC9 /* AppDelegate.swift */,
				EA7073121FAC34FC00EF0DC9 /* ViewController.swift */,
				EA7073211FAC35D600EF0DC9 /* ChromaKeyFilter.h */,
				EA7073221FAC35D600EF0DC9 /* ChromaKeyFilter.m */,
				EA7073141FAC34FC00EF0DC9 /* Assets.xcassets */,
				EA7073161FAC34FC00EF0DC9 /* Main.storyboard */,
				EA7073191FAC34FC00EF0DC9 /* Info.plist */,
				EA70731A1FAC34FC00EF0DC9 /* PhotoStudioPlayer.entitlements */,
			);
			path = PhotoStudioPlayer;
			sourceTree = "<group>";
		};
/* End PBXGroup section */

/* Begin PBXNativeTarget section */
		EA70730C1FAC34FC00EF0DC9 /* PhotoStudioPlayer */ = {
			isa = PBXNativeTarget;
			buildConfigurationList = EA70731D1FAC34FC00EF0DC9 /* Build configuration list for PBXNativeTarget "PhotoStudioPlayer" */;
			buildPhases = (
				EA7073091FAC34FC00EF0DC9 /* Sources */,
				EA70730A1FAC34FC00EF0DC9 /* Frameworks */,
				EA70730B1FAC34FC00EF0DC9 /* Resources */,
			);
			buildRules = (
			);
			dependencies = (
			);
			name = PhotoStudioPlayer;
			productName = PhotoStudioPlayer;
			productReference = EA70730D1FAC34FC00EF0DC9 /* PhotoStudioPlayer.app */;
			productType = "com.apple.product-type.application";
		};
/* End PBXNativeTarget section */

/* Begin PBXProject section */
		EA7073051FAC34FC00EF0DC9 /* Project object */ = {
			isa = PBXProject;
			attributes = {
				LastSwiftUpdateCheck = 0910;
				LastUpgradeCheck = 0910;
				ORGANIZATIONNAME = banjun;
				TargetAttributes = {
					EA70730C1FAC34FC00EF0DC9 = {
						CreatedOnToolsVersion = 9.1;
						LastSwiftMigration = 0910;
						ProvisioningStyle = Automatic;
					};
				};
			};
			buildConfigurationList = EA7073081FAC34FC00EF0DC9 /* Build configuration list for PBXProject "PhotoStudioPlayer" */;
			compatibilityVersion = "Xcode 8.0";
			developmentRegion = en;
			hasScannedForEncodings = 0;
			knownRegions = (
				en,
				Base,
			);
			mainGroup = EA7073041FAC34FC00EF0DC9;
			productRefGroup = EA70730E1FAC34FC00EF0DC9 /* Products */;
			projectDirPath = "";
			projectRoot = "";
			targets = (
				EA70730C1FAC34FC00EF0DC9 /* PhotoStudioPlayer */,
			);
		};
/* End PBXProject section */

/* Begin PBXResourcesBuildPhase section */
		EA70730B1FAC34FC00EF0DC9 /* Resources */ = {
			isa = PBXResourcesBuildPhase;
			buildActionMask = 2147483647;
			files = (
				EA7073151FAC34FC00EF0DC9 /* Assets.xcassets in Resources */,
				EA7073181FAC34FC00EF0DC9 /* Main.storyboard in Resources */,
			);
			runOnlyForDeploymentPostprocessing = 0;
		};
/* End PBXResourcesBuildPhase section */

/* Begin PBXSourcesBuildPhase section */
		EA7073091FAC34FC00EF0DC9 /* Sources */ = {
			isa = PBXSourcesBuildPhase;
			buildActionMask = 2147483647;
			files = (
				EA7073131FAC34FC00EF0DC9 /* ViewController.swift in Sources */,
				EA7073231FAC35D600EF0DC9 /* ChromaKeyFilter.m in Sources */,
				EA7073111FAC34FC00EF0DC9 /* AppDelegate.swift in Sources */,
			);
			runOnlyForDeploymentPostprocessing = 0;
		};
/* End PBXSourcesBuildPhase section */

/* Begin PBXVariantGroup section */
		EA7073161FAC34FC00EF0DC9 /* Main.storyboard */ = {
			isa = PBXVariantGroup;
			children = (
				EA7073171FAC34FC00EF0DC9 /* Base */,
			);
			name = Main.storyboard;
			sourceTree = "<group>";
		};
/* End PBXVariantGroup section */

/* Begin XCBuildConfiguration section */
		EA70731B1FAC34FC00EF0DC9 /* Debug */ = {
			isa = XCBuildConfiguration;
			buildSettings = {
				ALWAYS_SEARCH_USER_PATHS = NO;
				CLANG_ANALYZER_NONNULL = YES;
				CLANG_ANALYZER_NUMBER_OBJECT_CONVERSION = YES_AGGRESSIVE;
				CLANG_CXX_LANGUAGE_STANDARD = "gnu++14";
				CLANG_CXX_LIBRARY = "libc++";
				CLANG_ENABLE_MODULES = YES;
				CLANG_ENABLE_OBJC_ARC = YES;
				CLANG_WARN_BLOCK_CAPTURE_AUTORELEASING = YES;
				CLANG_WARN_BOOL_CONVERSION = YES;
				CLANG_WARN_COMMA = YES;
				CLANG_WARN_CONSTANT_CONVERSION = YES;
				CLANG_WARN_DIRECT_OBJC_ISA_USAGE = YES_ERROR;
				CLANG_WARN_DOCUMENTATION_COMMENTS = YES;
				CLANG_WARN_EMPTY_BODY = YES;
				CLANG_WARN_ENUM_CONVERSION = YES;
				CLANG_WARN_INFINITE_RECURSION = YES;
				CLANG_WARN_INT_CONVERSION = YES;
				CLANG_WARN_NON_LITERAL_NULL_CONVERSION = YES;
				CLANG_WARN_OBJC_LITERAL_CONVERSION = YES;
				CLANG_WARN_OBJC_ROOT_CLASS = YES_ERROR;
				CLANG_WARN_RANGE_LOOP_ANALYSIS = YES;
				CLANG_WARN_STRICT_PROTOTYPES = YES;
				CLANG_WARN_SUSPICIOUS_MOVE = YES;
				CLANG_WARN_UNGUARDED_AVAILABILITY = YES_AGGRESSIVE;
				CLANG_WARN_UNREACHABLE_CODE = YES;
				CLANG_WARN__DUPLICATE_METHOD_MATCH = YES;
				CODE_SIGN_IDENTITY = "Mac Developer";
				COPY_PHASE_STRIP = NO;
				CURRENT_PROJECT_VERSION = 4;
				DEBUG_INFORMATION_FORMAT = dwarf;
				ENABLE_STRICT_OBJC_MSGSEND = YES;
				ENABLE_TESTABILITY = YES;
				GCC_C_LANGUAGE_STANDARD = gnu11;
				GCC_DYNAMIC_NO_PIC = NO;
				GCC_NO_COMMON_BLOCKS = YES;
				GCC_OPTIMIZATION_LEVEL = 0;
				GCC_PREPROCESSOR_DEFINITIONS = (
					"DEBUG=1",
					"$(inherited)",
				);
				GCC_WARN_64_TO_32_BIT_CONVERSION = YES;
				GCC_WARN_ABOUT_RETURN_TYPE = YES_ERROR;
				GCC_WARN_UNDECLARED_SELECTOR = YES;
				GCC_WARN_UNINITIALIZED_AUTOS = YES_AGGRESSIVE;
				GCC_WARN_UNUSED_FUNCTION = YES;
				GCC_WARN_UNUSED_VARIABLE = YES;
				MACOSX_DEPLOYMENT_TARGET = 10.12;
				MTL_ENABLE_DEBUG_INFO = YES;
				ONLY_ACTIVE_ARCH = YES;
				SDKROOT = macosx;
				SWIFT_ACTIVE_COMPILATION_CONDITIONS = DEBUG;
				SWIFT_OPTIMIZATION_LEVEL = "-Onone";
			};
			name = Debug;
		};
		EA70731C1FAC34FC00EF0DC9 /* Release */ = {
			isa = XCBuildConfiguration;
			buildSettings = {
				ALWAYS_SEARCH_USER_PATHS = NO;
				CLANG_ANALYZER_NONNULL = YES;
				CLANG_ANALYZER_NUMBER_OBJECT_CONVERSION = YES_AGGRESSIVE;
				CLANG_CXX_LANGUAGE_STANDARD = "gnu++14";
				CLANG_CXX_LIBRARY = "libc++";
				CLANG_ENABLE_MODULES = YES;
				CLANG_ENABLE_OBJC_ARC = YES;
				CLANG_WARN_BLOCK_CAPTURE_AUTORELEASING = YES;
				CLANG_WARN_BOOL_CONVERSION = YES;
				CLANG_WARN_COMMA = YES;
				CLANG_WARN_CONSTANT_CONVERSION = YES;
				CLANG_WARN_DIRECT_OBJC_ISA_USAGE = YES_ERROR;
				CLANG_WARN_DOCUMENTATION_COMMENTS = YES;
				CLANG_WARN_EMPTY_BODY = YES;
				CLANG_WARN_ENUM_CONVERSION = YES;
				CLANG_WARN_INFINITE_RECURSION = YES;
				CLANG_WARN_INT_CONVERSION = YES;
				CLANG_WARN_NON_LITERAL_NULL_CONVERSION = YES;
				CLANG_WARN_OBJC_LITERAL_CONVERSION = YES;
				CLANG_WARN_OBJC_ROOT_CLASS = YES_ERROR;
				CLANG_WARN_RANGE_LOOP_ANALYSIS = YES;
				CLANG_WARN_STRICT_PROTOTYPES = YES;
				CLANG_WARN_SUSPICIOUS_MOVE = YES;
				CLANG_WARN_UNGUARDED_AVAILABILITY = YES_AGGRESSIVE;
				CLANG_WARN_UNREACHABLE_CODE = YES;
				CLANG_WARN__DUPLICATE_METHOD_MATCH = YES;
				CODE_SIGN_IDENTITY = "Mac Developer";
				COPY_PHASE_STRIP = NO;
				CURRENT_PROJECT_VERSION = 4;
				DEBUG_INFORMATION_FORMAT = "dwarf-with-dsym";
				ENABLE_NS_ASSERTIONS = NO;
				ENABLE_STRICT_OBJC_MSGSEND = YES;
				GCC_C_LANGUAGE_STANDARD = gnu11;
				GCC_NO_COMMON_BLOCKS = YES;
				GCC_WARN_64_TO_32_BIT_CONVERSION = YES;
				GCC_WARN_ABOUT_RETURN_TYPE = YES_ERROR;
				GCC_WARN_UNDECLARED_SELECTOR = YES;
				GCC_WARN_UNINITIALIZED_AUTOS = YES_AGGRESSIVE;
				GCC_WARN_UNUSED_FUNCTION = YES;
				GCC_WARN_UNUSED_VARIABLE = YES;
				MACOSX_DEPLOYMENT_TARGET = 10.12;
				MTL_ENABLE_DEBUG_INFO = NO;
				SDKROOT = macosx;
				SWIFT_OPTIMIZATION_LEVEL = "-Owholemodule";
			};
			name = Release;
		};
		EA70731E1FAC34FC00EF0DC9 /* Debug */ = {
			isa = XCBuildConfiguration;
			buildSettings = {
				ASSETCATALOG_COMPILER_APPICON_NAME = AppIcon;
				CLANG_ENABLE_MODULES = YES;
				CODE_SIGN_ENTITLEMENTS = PhotoStudioPlayer/PhotoStudioPlayer.entitlements;
				CODE_SIGN_STYLE = Automatic;
				COMBINE_HIDPI_IMAGES = YES;
				DEVELOPMENT_TEAM = FPZK4WRGW7;
				INFOPLIST_FILE = PhotoStudioPlayer/Info.plist;
				LD_RUNPATH_SEARCH_PATHS = "$(inherited) @executable_path/../Frameworks";
				PRODUCT_BUNDLE_IDENTIFIER = jp.banjun.PhotoStudioPlayer;
				PRODUCT_NAME = "$(TARGET_NAME)";
				SWIFT_OBJC_BRIDGING_HEADER = "PhotoStudioPlayer-Bridging-Header.h";
				SWIFT_OPTIMIZATION_LEVEL = "-Onone";
				SWIFT_VERSION = 4.0;
			};
			name = Debug;
		};
		EA70731F1FAC34FC00EF0DC9 /* Release */ = {
			isa = XCBuildConfiguration;
			buildSettings = {
				ASSETCATALOG_COMPILER_APPICON_NAME = AppIcon;
				CLANG_ENABLE_MODULES = YES;
				CODE_SIGN_ENTITLEMENTS = PhotoStudioPlayer/PhotoStudioPlayer.entitlements;
				CODE_SIGN_STYLE = Automatic;
				COMBINE_HIDPI_IMAGES = YES;
				DEVELOPMENT_TEAM = FPZK4WRGW7;
				INFOPLIST_FILE = PhotoStudioPlayer/Info.plist;
				LD_RUNPATH_SEARCH_PATHS = "$(inherited) @executable_path/../Frameworks";
				PRODUCT_BUNDLE_IDENTIFIER = jp.banjun.PhotoStudioPlayer;
				PRODUCT_NAME = "$(TARGET_NAME)";
				SWIFT_OBJC_BRIDGING_HEADER = "PhotoStudioPlayer-Bridging-Header.h";
				SWIFT_VERSION = 4.0;
			};
			name = Release;
		};
/* End XCBuildConfiguration section */

/* Begin XCConfigurationList section */
		EA7073081FAC34FC00EF0DC9 /* Build configuration list for PBXProject "PhotoStudioPlayer" */ = {
			isa = XCConfigurationList;
			buildConfigurations = (
				EA70731B1FAC34FC00EF0DC9 /* Debug */,
				EA70731C1FAC34FC00EF0DC9 /* Release */,
			);
			defaultConfigurationIsVisible = 0;
			defaultConfigurationName = Release;
		};
		EA70731D1FAC34FC00EF0DC9 /* Build configuration list for PBXNativeTarget "PhotoStudioPlayer" */ = {
			isa = XCConfigurationList;
			buildConfigurations = (
				EA70731E1FAC34FC00EF0DC9 /* Debug */,
				EA70731F1FAC34FC00EF0DC9 /* Release */,
			);
			defaultConfigurationIsVisible = 0;
			defaultConfigurationName = Release;
		};
/* End XCConfigurationList section */
	};
	rootObject = EA7073051FAC34FC00EF0DC9 /* Project object */;
}
